{
    "_meta": {
        "hash": {
            "sha256": "a3bcdbfc185238f22ccd64c44a47141db80e0bd80a60b9a8da02703d5deac6a2"
        },
        "pipfile-spec": 6,
        "requires": {
            "python_version": "3.9"
        },
        "sources": [
            {
                "name": "pypi",
                "url": "https://pypi.org/simple",
                "verify_ssl": true
            }
        ]
    },
    "default": {
        "certifi": {
            "hashes": [
                "sha256:35824b4c3a97115964b408844d64aa14db1cc518f6562e8d7261699d1350a9e3",
                "sha256:4ad3232f5e926d6718ec31cfc1fcadfde020920e278684144551c91769c7bc18"
            ],
            "index": "pypi",
            "version": "==2022.12.7"
        },
        "charset-normalizer": {
            "hashes": [
                "sha256:2857e29ff0d34db842cd7ca3230549d1a697f96ee6d3fb071cfa6c7393832597",
                "sha256:6881edbebdb17b39b4eaaa821b438bf6eddffb4468cf344f09f89def34a8b1df"
            ],
            "markers": "python_version >= '3'",
            "version": "==2.0.12"
        },
        "idna": {
            "hashes": [
                "sha256:814f528e8dead7d329833b91c5faa87d60bf71824cd12a7530b5526063d02cb4",
                "sha256:90b77e79eaa3eba6de819a0c442c0b4ceefc341a7a2ab77d7562bf49f425c5c2"
            ],
            "markers": "python_version >= '3'",
            "version": "==3.4"
        },
        "mysql-connector-python": {
            "hashes": [
                "sha256:04d75ec7c181e7907df3d40c2a573063f25ecfc5a95a7a90374861c02ce738a9",
                "sha256:47f059bc2a7378acd56ac7a60b0526a2ba95d96b696a875b5b233a0feae30980",
                "sha256:4d126ce5e03675d926a9e49ce1638d06af43ca7bac2b502d93373dc9425d386f",
                "sha256:50c87ff50762f4a0cc0816365dde0e7de763949e125488b8e872de6471e0e427",
                "sha256:687071dc9e51892d0861bbcbcbd48e0f3579e3155f2a0ec310198704137c775a",
                "sha256:73c5149b33401610e28589d1fc669cba11d3b16215a8f6a75f63ece1f3af5f88",
                "sha256:77ec293e265d01db1896a8e63a16b3d5c848a885cf76c77148adfed8453846e8",
                "sha256:78bb1abb57bbb85263d65a240a901195e3de0e0992f25e42c48af0869079bb74",
                "sha256:7d518491d6d51b186b3182b3698b1560d9bd80675c055163359d0aeea0001de1",
                "sha256:8d8dd02e0e6bb7262156a836c3e83582d1a1a1ebb9d72e777a46813709404601",
                "sha256:91be638d1b084835edf7aa426d85228174611a1cd6f016ca0f6d4339ac3d9d7b",
                "sha256:aaec9d13fc0177e421a3c4392f0eaf86347b825949d5dfc202d535cdb1e07f04",
                "sha256:b3a747c5efd6de7b76686ab93834186e2276a62684600dbede615537040436ca",
                "sha256:b4c5ce835078555b6640921cae036daad46884dd21027f43c742fb505221e4e6",
                "sha256:bb317b179bfbb3e86c771bb2b34794188a2d2b010cdaa1b4d1b5ea0961d0812c",
                "sha256:bd89598b173aa0fc525b59fff6e3598ff3cabad4260a3bb49cf420eac10d3b3b",
                "sha256:bdb4f187f737316d1c403085b2fb7c91717268d052ecbfc86066cef59f6d72a4",
                "sha256:c76d771fdce1314b07619efff184ec03f56abef6b4ccdc686d3a995f5b225fec",
                "sha256:d559f69e8b58ac248e37d30e5676718adf69eeff56ed8a7c03f064d74af68f99",
                "sha256:e008127430c8dc66bb1b6d6c7a17498ec57ffa81188fc1f8c9f764363c01d12e",
                "sha256:f5da43c77d409c8135132f5b5aee9ac91c2e97c3f87352e1b3017438a9cb9b82"
            ],
            "index": "pypi",
            "version": "==8.0.28"
        },
        "protobuf": {
            "hashes": [
                "sha256:25266bf373ee06d5d66f9eb1ec9d434b243dccce5c32faf151054cfa6f9dcbf1",
                "sha256:260e346927fd4e6fbb49ab545137b19610c24a1d853dc5f29ddf777ab1987211",
                "sha256:2c6a4d13732d9b094db31b3841986c38b17ac61a3fe05ee26a779d94c4c3fb43",
                "sha256:4922e3320ed70e81f05060822da36923d09fd9e04e17f411f2d8d8d0070f9f5c",
                "sha256:4b75c947289a2e9c1f37d21c593f1ef6fb4fed33977dfb2ac84f799eb29a8ff4",
                "sha256:4d01ef83517c181d60ea1c6d0b2f644be250ade740d6554a2f5a021b1ad622e3",
                "sha256:553e35c0878f6855e55f01a14561e6bce6df79b6636a5acf83b9d9ac7eab7922",
                "sha256:85ccb4753ee21de7dc81a7a68a051f25dbe133ffa01a639ac998427d0b223387",
                "sha256:a5a14b907a191319e7a58b38c583bbf50deb21e002f723a912c5e4f6969a778e",
                "sha256:a944dc9550baae276afc7dc8193191d4c2ad660270a1e5ed5a71539817ebe2e2",
                "sha256:bab4b21a986ded225b9392c07ce21c35d790951f51e1ebfd32e4d443b05c3726",
                "sha256:c3b9e329b4c247dc3ba5c50f60915a84e08278eb6d9e3fa674d0d04ff816bfd7",
                "sha256:d91a47c77b33580024b0271b65bb820c4e0264c25eb49151ad01e691de8fa0b6",
                "sha256:efb16b16fd3eef25357f84d516062753014b76279ce4e0ec4880badd2fba7370"
            ],
            "markers": "python_version >= '3.7'",
            "version": "==4.21.11"
        },
        "requests": {
            "hashes": [
                "sha256:68d7c56fd5a8999887728ef304a6d12edc7be74f1cfa47714fc8b414525c9a61",
                "sha256:f22fa1e554c9ddfd16e6e41ac79759e17be9e492b3587efa038054674760e72d"
            ],
            "index": "pypi",
            "version": "==2.27.1"
        },
        "toml": {
            "hashes": [
                "sha256:806143ae5bfb6a3c6e736a764057db0e6a0e05e338b5630894a5f779cabb4f9b",
                "sha256:b3bda1d108d5dd99f4a20d24d9c348e91c4db7ab1b749200bded2f839ccbe68f"
            ],
            "index": "pypi",
            "version": "==0.10.2"
        },
        "urllib3": {
            "hashes": [
                "sha256:47cc05d99aaa09c9e72ed5809b60e7ba354e64b59c9c173ac3018642d8bb41fc",
                "sha256:c083dd0dce68dbfbe1129d5271cb90f9447dea7d52097c6e0126120c521ddea8"
            ],
            "markers": "python_version >= '2.7' and python_version not in '3.0, 3.1, 3.2, 3.3, 3.4, 3.5'",
            "version": "==1.26.13"
        }
    },
    "develop": {}
}
